
Microsoft Visual Studio Solution File, Format Version 12.00
# Visual Studio Version 16
VisualStudioVersion = 16.0.28803.452
MinimumVisualStudioVersion = 10.0.40219.1
Project("{FAE04EC0-301F-11D3-BF4B-00C04F79EFBC}") = "WpfApp1", "..\Source\Application\WpfApp1\WpfApp1.csproj", "{750A27CE-D3F0-4AAD-87D1-9220519FE943}"
EndProject
Project("{FAE04EC0-301F-11D3-BF4B-00C04F79EFBC}") = "WpfApp.SocketDeme.Server", "WpfApp.SocketDeme.Server\WpfApp.SocketDeme.Server.csproj", "{96EE13A6-B99D-4689-A512-6FAD9A25662C}"
EndProject
Project("{FAE04EC0-301F-11D3-BF4B-00C04F79EFBC}") = "WpfApp.SocketDemo.Client", "WpfApp.SocketDemo.Client\WpfApp.SocketDemo.Client.csproj", "{C4B528B2-CA44-402D-85E4-51B68DAA7D1B}"
EndProject
Project("{9A19103F-16F7-4668-BE54-9A1E7A4F7556}") = "HeBianGu.Common.LocalConfig", "..\Source\GeneralLayer\HeBianGu.Common.LocalConfig\HeBianGu.Common.LocalConfig.csproj", "{F172C52B-050D-4CB3-BE84-60E2A581BF6F}"
EndProject
Project("{2150E333-8FDC-42A3-9474-1A3956D46DE8}") = "整理", "整理", "{79F3CB7D-FD1D-49FD-8400-CCDD5DB00D16}"
EndProject
Project("{9A19103F-16F7-4668-BE54-9A1E7A4F7556}") = "HeBianGu.Common.NLogger", "..\Source\GeneralLayer\HeBianGu.Common.NLogger\HeBianGu.Common.NLogger\HeBianGu.Common.NLogger.csproj", "{BF5F0FC6-20C7-4219-BD3C-AE6957923229}"
EndProject
Project("{FAE04EC0-301F-11D3-BF4B-00C04F79EFBC}") = "HeBianGu.Common.Expression", "..\Source\Common\HeBianGu.Common.Expression\HeBianGu.Common.Expression.csproj", "{1812CA2D-1E8A-4AD9-94CD-3E435543F855}"
EndProject
Global
	GlobalSection(SolutionConfigurationPlatforms) = preSolution
		Debug|Any CPU = Debug|Any CPU
		Release|Any CPU = Release|Any CPU
	EndGlobalSection
	GlobalSection(ProjectConfigurationPlatforms) = postSolution
		{750A27CE-D3F0-4AAD-87D1-9220519FE943}.Debug|Any CPU.ActiveCfg = Debug|Any CPU
		{750A27CE-D3F0-4AAD-87D1-9220519FE943}.Debug|Any CPU.Build.0 = Debug|Any CPU
		{750A27CE-D3F0-4AAD-87D1-9220519FE943}.Release|Any CPU.ActiveCfg = Release|Any CPU
		{750A27CE-D3F0-4AAD-87D1-9220519FE943}.Release|Any CPU.Build.0 = Release|Any CPU
		{96EE13A6-B99D-4689-A512-6FAD9A25662C}.Debug|Any CPU.ActiveCfg = Debug|Any CPU
		{96EE13A6-B99D-4689-A512-6FAD9A25662C}.Debug|Any CPU.Build.0 = Debug|Any CPU
		{96EE13A6-B99D-4689-A512-6FAD9A25662C}.Release|Any CPU.ActiveCfg = Release|Any CPU
		{96EE13A6-B99D-4689-A512-6FAD9A25662C}.Release|Any CPU.Build.0 = Release|Any CPU
		{C4B528B2-CA44-402D-85E4-51B68DAA7D1B}.Debug|Any CPU.ActiveCfg = Debug|Any CPU
		{C4B528B2-CA44-402D-85E4-51B68DAA7D1B}.Debug|Any CPU.Build.0 = Debug|Any CPU
		{C4B528B2-CA44-402D-85E4-51B68DAA7D1B}.Release|Any CPU.ActiveCfg = Release|Any CPU
		{C4B528B2-CA44-402D-85E4-51B68DAA7D1B}.Release|Any CPU.Build.0 = Release|Any CPU
		{F172C52B-050D-4CB3-BE84-60E2A581BF6F}.Debug|Any CPU.ActiveCfg = Debug|Any CPU
		{F172C52B-050D-4CB3-BE84-60E2A581BF6F}.Debug|Any CPU.Build.0 = Debug|Any CPU
		{F172C52B-050D-4CB3-BE84-60E2A581BF6F}.Release|Any CPU.ActiveCfg = Release|Any CPU
		{F172C52B-050D-4CB3-BE84-60E2A581BF6F}.Release|Any CPU.Build.0 = Release|Any CPU
		{BF5F0FC6-20C7-4219-BD3C-AE6957923229}.Debug|Any CPU.ActiveCfg = Debug|Any CPU
		{BF5F0FC6-20C7-4219-BD3C-AE6957923229}.Debug|Any CPU.Build.0 = Debug|Any CPU
		{BF5F0FC6-20C7-4219-BD3C-AE6957923229}.Release|Any CPU.ActiveCfg = Release|Any CPU
		{BF5F0FC6-20C7-4219-BD3C-AE6957923229}.Release|Any CPU.Build.0 = Release|Any CPU
		{1812CA2D-1E8A-4AD9-94CD-3E435543F855}.Debug|Any CPU.ActiveCfg = Debug|Any CPU
		{1812CA2D-1E8A-4AD9-94CD-3E435543F855}.Debug|Any CPU.Build.0 = Debug|Any CPU
		{1812CA2D-1E8A-4AD9-94CD-3E435543F855}.Release|Any CPU.ActiveCfg = Release|Any CPU
		{1812CA2D-1E8A-4AD9-94CD-3E435543F855}.Release|Any CPU.Build.0 = Release|Any CPU
	EndGlobalSection
	GlobalSection(SolutionProperties) = preSolution
		HideSolutionNode = FALSE
	EndGlobalSection
	GlobalSection(NestedProjects) = preSolution
		{F172C52B-050D-4CB3-BE84-60E2A581BF6F} = {79F3CB7D-FD1D-49FD-8400-CCDD5DB00D16}
		{BF5F0FC6-20C7-4219-BD3C-AE6957923229} = {79F3CB7D-FD1D-49FD-8400-CCDD5DB00D16}
	EndGlobalSection
	GlobalSection(ExtensibilityGlobals) = postSolution
		SolutionGuid = {29DA4DE5-D362-4D3F-B076-61A74506B987}
	EndGlobalSection
EndGlobal
