
Microsoft Visual Studio Solution File, Format Version 12.00
# Visual Studio Version 16
VisualStudioVersion = 16.0.29728.190
MinimumVisualStudioVersion = 10.0.40219.1
Project("{FAE04EC0-301F-11D3-BF4B-00C04F79EFBC}") = "HeBianGu.General.DataBase.SysConfig", "HeBianGu.General.DataBase.SysConfig.csproj", "{0D188ED5-AA0D-4265-9769-1B5B4052BED4}"
EndProject
Global
	GlobalSection(SolutionConfigurationPlatforms) = preSolution
		Debug|Any CPU = Debug|Any CPU
		Release|Any CPU = Release|Any CPU
	EndGlobalSection
	GlobalSection(ProjectConfigurationPlatforms) = postSolution
		{0D188ED5-AA0D-4265-9769-1B5B4052BED4}.Debug|Any CPU.ActiveCfg = Debug|Any CPU
		{0D188ED5-AA0D-4265-9769-1B5B4052BED4}.Debug|Any CPU.Build.0 = Debug|Any CPU
		{0D188ED5-AA0D-4265-9769-1B5B4052BED4}.Release|Any CPU.ActiveCfg = Release|Any CPU
		{0D188ED5-AA0D-4265-9769-1B5B4052BED4}.Release|Any CPU.Build.0 = Release|Any CPU
	EndGlobalSection
	GlobalSection(SolutionProperties) = preSolution
		HideSolutionNode = FALSE
	EndGlobalSection
	GlobalSection(ExtensibilityGlobals) = postSolution
		SolutionGuid = {8D235580-46DB-4F91-AF19-2791021ABD11}
	EndGlobalSection
EndGlobal
