
Microsoft Visual Studio Solution File, Format Version 12.00
# Visual Studio Version 16
VisualStudioVersion = 16.0.30011.22
MinimumVisualStudioVersion = 10.0.40219.1
Project("{FAE04EC0-301F-11D3-BF4B-00C04F79EFBC}") = "HeBianGu.Common.DataBase.Sqlite", "HeBianGu.Common.DataBase.Sqlite.csproj", "{8862E4A3-72A6-454B-A83D-93E39EBAE16C}"
EndProject
Global
	GlobalSection(SolutionConfigurationPlatforms) = preSolution
		Debug|Any CPU = Debug|Any CPU
		Release|Any CPU = Release|Any CPU
	EndGlobalSection
	GlobalSection(ProjectConfigurationPlatforms) = postSolution
		{8862E4A3-72A6-454B-A83D-93E39EBAE16C}.Debug|Any CPU.ActiveCfg = Debug|Any CPU
		{8862E4A3-72A6-454B-A83D-93E39EBAE16C}.Debug|Any CPU.Build.0 = Debug|Any CPU
		{8862E4A3-72A6-454B-A83D-93E39EBAE16C}.Release|Any CPU.ActiveCfg = Release|Any CPU
		{8862E4A3-72A6-454B-A83D-93E39EBAE16C}.Release|Any CPU.Build.0 = Release|Any CPU
	EndGlobalSection
	GlobalSection(SolutionProperties) = preSolution
		HideSolutionNode = FALSE
	EndGlobalSection
	GlobalSection(ExtensibilityGlobals) = postSolution
		SolutionGuid = {A714F1F5-969E-430A-8643-D4C1148427D7}
	EndGlobalSection
EndGlobal
