
Microsoft Visual Studio Solution File, Format Version 12.00
# Visual Studio Version 16
VisualStudioVersion = 16.0.31702.278
MinimumVisualStudioVersion = 10.0.40219.1
Project("{9A19103F-16F7-4668-BE54-9A1E7A4F7556}") = "HeBianGu.Common.LocalConfig", "HeBianGu.Common.LocalConfig.csproj", "{ECD3F3A8-7661-47F9-A195-13CC2BB5D818}"
EndProject
Global
	GlobalSection(SolutionConfigurationPlatforms) = preSolution
		Debug|Any CPU = Debug|Any CPU
		Release|Any CPU = Release|Any CPU
	EndGlobalSection
	GlobalSection(ProjectConfigurationPlatforms) = postSolution
		{ECD3F3A8-7661-47F9-A195-13CC2BB5D818}.Debug|Any CPU.ActiveCfg = Debug|Any CPU
		{ECD3F3A8-7661-47F9-A195-13CC2BB5D818}.Debug|Any CPU.Build.0 = Debug|Any CPU
		{ECD3F3A8-7661-47F9-A195-13CC2BB5D818}.Release|Any CPU.ActiveCfg = Release|Any CPU
		{ECD3F3A8-7661-47F9-A195-13CC2BB5D818}.Release|Any CPU.Build.0 = Release|Any CPU
	EndGlobalSection
	GlobalSection(SolutionProperties) = preSolution
		HideSolutionNode = FALSE
	EndGlobalSection
	GlobalSection(ExtensibilityGlobals) = postSolution
		SolutionGuid = {29F3061C-C233-40B2-AF9A-0CB10DC54731}
	EndGlobalSection
EndGlobal
